// !$*UTF8*$!
{
	archiveVersion = 1;
	classes = {
	};
	objectVersion = 51;
	objects = {

/* Begin PBXBuildFile section */
		39485A0F4D215FF4794F01FE /* Pods_foodstack_foodstackUITests.framework in Frameworks */ = {isa = PBXBuildFile; fileRef = 6EAC23CD8270A9CB1164A16B /* Pods_foodstack_foodstackUITests.framework */; };
		7D01378D66811BC4DDB4EF04 /* Pods_foodstack.framework in Frameworks */ = {isa = PBXBuildFile; fileRef = 588CA5613F39B9CFDC54F93A /* Pods_foodstack.framework */; };
		ACF03C4924BE5F1700BBA1D9 /* AppDelegate.m in Sources */ = {isa = PBXBuildFile; fileRef = ACF03C4824BE5F1700BBA1D9 /* AppDelegate.m */; };
		ACF03C4C24BE5F1700BBA1D9 /* SceneDelegate.m in Sources */ = {isa = PBXBuildFile; fileRef = ACF03C4B24BE5F1700BBA1D9 /* SceneDelegate.m */; };
		ACF03C4F24BE5F1700BBA1D9 /* ViewController.m in Sources */ = {isa = PBXBuildFile; fileRef = ACF03C4E24BE5F1700BBA1D9 /* ViewController.m */; };
		ACF03C5224BE5F1700BBA1D9 /* Main.storyboard in Resources */ = {isa = PBXBuildFile; fileRef = ACF03C5024BE5F1700BBA1D9 /* Main.storyboard */; };
		ACF03C5424BE5F1800BBA1D9 /* Assets.xcassets in Resources */ = {isa = PBXBuildFile; fileRef = ACF03C5324BE5F1800BBA1D9 /* Assets.xcassets */; };
		ACF03C5724BE5F1800BBA1D9 /* LaunchScreen.storyboard in Resources */ = {isa = PBXBuildFile; fileRef = ACF03C5524BE5F1800BBA1D9 /* LaunchScreen.storyboard */; };
		ACF03C5A24BE5F1800BBA1D9 /* main.m in Sources */ = {isa = PBXBuildFile; fileRef = ACF03C5924BE5F1800BBA1D9 /* main.m */; };
		ACF03C6424BE5F1800BBA1D9 /* foodstackTests.m in Sources */ = {isa = PBXBuildFile; fileRef = ACF03C6324BE5F1800BBA1D9 /* foodstackTests.m */; };
		ACF03C6F24BE5F1800BBA1D9 /* foodstackUITests.m in Sources */ = {isa = PBXBuildFile; fileRef = ACF03C6E24BE5F1800BBA1D9 /* foodstackUITests.m */; };
		ACF03C8124BE607D00BBA1D9 /* LoginViewController.m in Sources */ = {isa = PBXBuildFile; fileRef = ACF03C8024BE607D00BBA1D9 /* LoginViewController.m */; };
		ACF03C8424BE609C00BBA1D9 /* EntryCell.m in Sources */ = {isa = PBXBuildFile; fileRef = ACF03C8324BE609C00BBA1D9 /* EntryCell.m */; };
		ACF03C8D24BE620200BBA1D9 /* RecipeCell.m in Sources */ = {isa = PBXBuildFile; fileRef = ACF03C8C24BE620200BBA1D9 /* RecipeCell.m */; };
		ACF03C9024BE633F00BBA1D9 /* Entry.m in Sources */ = {isa = PBXBuildFile; fileRef = ACF03C8F24BE633F00BBA1D9 /* Entry.m */; };
		ACF03C9324BE636200BBA1D9 /* Recipe.m in Sources */ = {isa = PBXBuildFile; fileRef = ACF03C9224BE636200BBA1D9 /* Recipe.m */; };
		E8F9C2E3C7A66B11D8913800 /* Pods_foodstackTests.framework in Frameworks */ = {isa = PBXBuildFile; fileRef = 278BB8CAB9933E47D8A3694D /* Pods_foodstackTests.framework */; };
/* End PBXBuildFile section */

/* Begin PBXContainerItemProxy section */
		ACF03C6024BE5F1800BBA1D9 /* PBXContainerItemProxy */ = {
			isa = PBXContainerItemProxy;
			containerPortal = ACF03C3C24BE5F1700BBA1D9 /* Project object */;
			proxyType = 1;
			remoteGlobalIDString = ACF03C4324BE5F1700BBA1D9;
			remoteInfo = foodstack;
		};
		ACF03C6B24BE5F1800BBA1D9 /* PBXContainerItemProxy */ = {
			isa = PBXContainerItemProxy;
			containerPortal = ACF03C3C24BE5F1700BBA1D9 /* Project object */;
			proxyType = 1;
			remoteGlobalIDString = ACF03C4324BE5F1700BBA1D9;
			remoteInfo = foodstack;
		};
/* End PBXContainerItemProxy section */

/* Begin PBXFileReference section */
		10108AC4A3A211E18935BEBA /* Pods-foodstackTests.release.xcconfig */ = {isa = PBXFileReference; includeInIndex = 1; lastKnownFileType = text.xcconfig; name = "Pods-foodstackTests.release.xcconfig"; path = "Target Support Files/Pods-foodstackTests/Pods-foodstackTests.release.xcconfig"; sourceTree = "<group>"; };
		126187269ABA2AE49D82A0B7 /* Pods-foodstack.debug.xcconfig */ = {isa = PBXFileReference; includeInIndex = 1; lastKnownFileType = text.xcconfig; name = "Pods-foodstack.debug.xcconfig"; path = "Target Support Files/Pods-foodstack/Pods-foodstack.debug.xcconfig"; sourceTree = "<group>"; };
		1490B2A1BA3588216E56D4D8 /* Pods-foodstackTests.debug.xcconfig */ = {isa = PBXFileReference; includeInIndex = 1; lastKnownFileType = text.xcconfig; name = "Pods-foodstackTests.debug.xcconfig"; path = "Target Support Files/Pods-foodstackTests/Pods-foodstackTests.debug.xcconfig"; sourceTree = "<group>"; };
		278BB8CAB9933E47D8A3694D /* Pods_foodstackTests.framework */ = {isa = PBXFileReference; explicitFileType = wrapper.framework; includeInIndex = 0; path = Pods_foodstackTests.framework; sourceTree = BUILT_PRODUCTS_DIR; };
		29F58875D43CD8903965AD09 /* Pods-foodstack-foodstackUITests.release.xcconfig */ = {isa = PBXFileReference; includeInIndex = 1; lastKnownFileType = text.xcconfig; name = "Pods-foodstack-foodstackUITests.release.xcconfig"; path = "Target Support Files/Pods-foodstack-foodstackUITests/Pods-foodstack-foodstackUITests.release.xcconfig"; sourceTree = "<group>"; };
		588CA5613F39B9CFDC54F93A /* Pods_foodstack.framework */ = {isa = PBXFileReference; explicitFileType = wrapper.framework; includeInIndex = 0; path = Pods_foodstack.framework; sourceTree = BUILT_PRODUCTS_DIR; };
		5903AC8CF467308AF707C74C /* Pods-foodstack.release.xcconfig */ = {isa = PBXFileReference; includeInIndex = 1; lastKnownFileType = text.xcconfig; name = "Pods-foodstack.release.xcconfig"; path = "Target Support Files/Pods-foodstack/Pods-foodstack.release.xcconfig"; sourceTree = "<group>"; };
		6EAC23CD8270A9CB1164A16B /* Pods_foodstack_foodstackUITests.framework */ = {isa = PBXFileReference; explicitFileType = wrapper.framework; includeInIndex = 0; path = Pods_foodstack_foodstackUITests.framework; sourceTree = BUILT_PRODUCTS_DIR; };
		ACF03C4424BE5F1700BBA1D9 /* foodstack.app */ = {isa = PBXFileReference; explicitFileType = wrapper.application; includeInIndex = 0; path = foodstack.app; sourceTree = BUILT_PRODUCTS_DIR; };
		ACF03C4724BE5F1700BBA1D9 /* AppDelegate.h */ = {isa = PBXFileReference; lastKnownFileType = sourcecode.c.h; path = AppDelegate.h; sourceTree = "<group>"; };
		ACF03C4824BE5F1700BBA1D9 /* AppDelegate.m */ = {isa = PBXFileReference; lastKnownFileType = sourcecode.c.objc; path = AppDelegate.m; sourceTree = "<group>"; };
		ACF03C4A24BE5F1700BBA1D9 /* SceneDelegate.h */ = {isa = PBXFileReference; lastKnownFileType = sourcecode.c.h; path = SceneDelegate.h; sourceTree = "<group>"; };
		ACF03C4B24BE5F1700BBA1D9 /* SceneDelegate.m */ = {isa = PBXFileReference; lastKnownFileType = sourcecode.c.objc; path = SceneDelegate.m; sourceTree = "<group>"; };
		ACF03C4D24BE5F1700BBA1D9 /* ViewController.h */ = {isa = PBXFileReference; lastKnownFileType = sourcecode.c.h; path = ViewController.h; sourceTree = "<group>"; };
		ACF03C4E24BE5F1700BBA1D9 /* ViewController.m */ = {isa = PBXFileReference; lastKnownFileType = sourcecode.c.objc; path = ViewController.m; sourceTree = "<group>"; };
		ACF03C5124BE5F1700BBA1D9 /* Base */ = {isa = PBXFileReference; lastKnownFileType = file.storyboard; name = Base; path = Base.lproj/Main.storyboard; sourceTree = "<group>"; };
		ACF03C5324BE5F1800BBA1D9 /* Assets.xcassets */ = {isa = PBXFileReference; lastKnownFileType = folder.assetcatalog; path = Assets.xcassets; sourceTree = "<group>"; };
		ACF03C5624BE5F1800BBA1D9 /* Base */ = {isa = PBXFileReference; lastKnownFileType = file.storyboard; name = Base; path = Base.lproj/LaunchScreen.storyboard; sourceTree = "<group>"; };
		ACF03C5824BE5F1800BBA1D9 /* Info.plist */ = {isa = PBXFileReference; lastKnownFileType = text.plist.xml; path = Info.plist; sourceTree = "<group>"; };
		ACF03C5924BE5F1800BBA1D9 /* main.m */ = {isa = PBXFileReference; lastKnownFileType = sourcecode.c.objc; path = main.m; sourceTree = "<group>"; };
		ACF03C5F24BE5F1800BBA1D9 /* foodstackTests.xctest */ = {isa = PBXFileReference; explicitFileType = wrapper.cfbundle; includeInIndex = 0; path = foodstackTests.xctest; sourceTree = BUILT_PRODUCTS_DIR; };
		ACF03C6324BE5F1800BBA1D9 /* foodstackTests.m */ = {isa = PBXFileReference; lastKnownFileType = sourcecode.c.objc; path = foodstackTests.m; sourceTree = "<group>"; };
		ACF03C6524BE5F1800BBA1D9 /* Info.plist */ = {isa = PBXFileReference; lastKnownFileType = text.plist.xml; path = Info.plist; sourceTree = "<group>"; };
		ACF03C6A24BE5F1800BBA1D9 /* foodstackUITests.xctest */ = {isa = PBXFileReference; explicitFileType = wrapper.cfbundle; includeInIndex = 0; path = foodstackUITests.xctest; sourceTree = BUILT_PRODUCTS_DIR; };
		ACF03C6E24BE5F1800BBA1D9 /* foodstackUITests.m */ = {isa = PBXFileReference; lastKnownFileType = sourcecode.c.objc; path = foodstackUITests.m; sourceTree = "<group>"; };
		ACF03C7024BE5F1800BBA1D9 /* Info.plist */ = {isa = PBXFileReference; lastKnownFileType = text.plist.xml; path = Info.plist; sourceTree = "<group>"; };
		ACF03C7F24BE607D00BBA1D9 /* LoginViewController.h */ = {isa = PBXFileReference; lastKnownFileType = sourcecode.c.h; path = LoginViewController.h; sourceTree = "<group>"; };
		ACF03C8024BE607D00BBA1D9 /* LoginViewController.m */ = {isa = PBXFileReference; lastKnownFileType = sourcecode.c.objc; path = LoginViewController.m; sourceTree = "<group>"; };
		ACF03C8224BE609C00BBA1D9 /* EntryCell.h */ = {isa = PBXFileReference; lastKnownFileType = sourcecode.c.h; path = EntryCell.h; sourceTree = "<group>"; };
		ACF03C8324BE609C00BBA1D9 /* EntryCell.m */ = {isa = PBXFileReference; lastKnownFileType = sourcecode.c.objc; path = EntryCell.m; sourceTree = "<group>"; };
		ACF03C8B24BE620200BBA1D9 /* RecipeCell.h */ = {isa = PBXFileReference; lastKnownFileType = sourcecode.c.h; path = RecipeCell.h; sourceTree = "<group>"; };
		ACF03C8C24BE620200BBA1D9 /* RecipeCell.m */ = {isa = PBXFileReference; lastKnownFileType = sourcecode.c.objc; path = RecipeCell.m; sourceTree = "<group>"; };
		ACF03C8E24BE633F00BBA1D9 /* Entry.h */ = {isa = PBXFileReference; lastKnownFileType = sourcecode.c.h; path = Entry.h; sourceTree = "<group>"; };
		ACF03C8F24BE633F00BBA1D9 /* Entry.m */ = {isa = PBXFileReference; lastKnownFileType = sourcecode.c.objc; path = Entry.m; sourceTree = "<group>"; };
		ACF03C9124BE636200BBA1D9 /* Recipe.h */ = {isa = PBXFileReference; lastKnownFileType = sourcecode.c.h; path = Recipe.h; sourceTree = "<group>"; };
		ACF03C9224BE636200BBA1D9 /* Recipe.m */ = {isa = PBXFileReference; lastKnownFileType = sourcecode.c.objc; path = Recipe.m; sourceTree = "<group>"; };
		FF4D3DE7A9631834C66E2F78 /* Pods-foodstack-foodstackUITests.debug.xcconfig */ = {isa = PBXFileReference; includeInIndex = 1; lastKnownFileType = text.xcconfig; name = "Pods-foodstack-foodstackUITests.debug.xcconfig"; path = "Target Support Files/Pods-foodstack-foodstackUITests/Pods-foodstack-foodstackUITests.debug.xcconfig"; sourceTree = "<group>"; };
/* End PBXFileReference section */

/* Begin PBXFrameworksBuildPhase section */
		ACF03C4124BE5F1700BBA1D9 /* Frameworks */ = {
			isa = PBXFrameworksBuildPhase;
			buildActionMask = 2147483647;
			files = (
				7D01378D66811BC4DDB4EF04 /* Pods_foodstack.framework in Frameworks */,
			);
			runOnlyForDeploymentPostprocessing = 0;
		};
		ACF03C5C24BE5F1800BBA1D9 /* Frameworks */ = {
			isa = PBXFrameworksBuildPhase;
			buildActionMask = 2147483647;
			files = (
				E8F9C2E3C7A66B11D8913800 /* Pods_foodstackTests.framework in Frameworks */,
			);
			runOnlyForDeploymentPostprocessing = 0;
		};
		ACF03C6724BE5F1800BBA1D9 /* Frameworks */ = {
			isa = PBXFrameworksBuildPhase;
			buildActionMask = 2147483647;
			files = (
				39485A0F4D215FF4794F01FE /* Pods_foodstack_foodstackUITests.framework in Frameworks */,
			);
			runOnlyForDeploymentPostprocessing = 0;
		};
/* End PBXFrameworksBuildPhase section */

/* Begin PBXGroup section */
		181F1EACF388591EEFD4A981 /* Frameworks */ = {
			isa = PBXGroup;
			children = (
				588CA5613F39B9CFDC54F93A /* Pods_foodstack.framework */,
				6EAC23CD8270A9CB1164A16B /* Pods_foodstack_foodstackUITests.framework */,
				278BB8CAB9933E47D8A3694D /* Pods_foodstackTests.framework */,
			);
			name = Frameworks;
			sourceTree = "<group>";
		};
		4D028D604D9F575B6A34061F /* Pods */ = {
			isa = PBXGroup;
			children = (
				126187269ABA2AE49D82A0B7 /* Pods-foodstack.debug.xcconfig */,
				5903AC8CF467308AF707C74C /* Pods-foodstack.release.xcconfig */,
				FF4D3DE7A9631834C66E2F78 /* Pods-foodstack-foodstackUITests.debug.xcconfig */,
				29F58875D43CD8903965AD09 /* Pods-foodstack-foodstackUITests.release.xcconfig */,
				1490B2A1BA3588216E56D4D8 /* Pods-foodstackTests.debug.xcconfig */,
				10108AC4A3A211E18935BEBA /* Pods-foodstackTests.release.xcconfig */,
			);
			path = Pods;
			sourceTree = "<group>";
		};
		ACF03C3B24BE5F1700BBA1D9 = {
			isa = PBXGroup;
			children = (
				ACF03C4624BE5F1700BBA1D9 /* foodstack */,
				ACF03C6224BE5F1800BBA1D9 /* foodstackTests */,
				ACF03C6D24BE5F1800BBA1D9 /* foodstackUITests */,
				ACF03C4524BE5F1700BBA1D9 /* Products */,
				4D028D604D9F575B6A34061F /* Pods */,
				181F1EACF388591EEFD4A981 /* Frameworks */,
			);
			sourceTree = "<group>";
		};
		ACF03C4524BE5F1700BBA1D9 /* Products */ = {
			isa = PBXGroup;
			children = (
				ACF03C4424BE5F1700BBA1D9 /* foodstack.app */,
				ACF03C5F24BE5F1800BBA1D9 /* foodstackTests.xctest */,
				ACF03C6A24BE5F1800BBA1D9 /* foodstackUITests.xctest */,
			);
			name = Products;
			sourceTree = "<group>";
		};
		ACF03C4624BE5F1700BBA1D9 /* foodstack */ = {
			isa = PBXGroup;
			children = (
				ACF03C7E24BE5F9100BBA1D9 /* View Controllers */,
				ACF03C7D24BE5F8A00BBA1D9 /* Views */,
				ACF03C7C24BE5F8400BBA1D9 /* Models */,
				ACF03C5024BE5F1700BBA1D9 /* Main.storyboard */,
				ACF03C5524BE5F1800BBA1D9 /* LaunchScreen.storyboard */,
				ACF03C4724BE5F1700BBA1D9 /* AppDelegate.h */,
				ACF03C4824BE5F1700BBA1D9 /* AppDelegate.m */,
				ACF03C4A24BE5F1700BBA1D9 /* SceneDelegate.h */,
				ACF03C4B24BE5F1700BBA1D9 /* SceneDelegate.m */,
				ACF03C4D24BE5F1700BBA1D9 /* ViewController.h */,
				ACF03C4E24BE5F1700BBA1D9 /* ViewController.m */,
				ACF03C5324BE5F1800BBA1D9 /* Assets.xcassets */,
				ACF03C5824BE5F1800BBA1D9 /* Info.plist */,
				ACF03C5924BE5F1800BBA1D9 /* main.m */,
			);
			path = foodstack;
			sourceTree = "<group>";
		};
		ACF03C6224BE5F1800BBA1D9 /* foodstackTests */ = {
			isa = PBXGroup;
			children = (
				ACF03C6324BE5F1800BBA1D9 /* foodstackTests.m */,
				ACF03C6524BE5F1800BBA1D9 /* Info.plist */,
			);
			path = foodstackTests;
			sourceTree = "<group>";
		};
		ACF03C6D24BE5F1800BBA1D9 /* foodstackUITests */ = {
			isa = PBXGroup;
			children = (
				ACF03C6E24BE5F1800BBA1D9 /* foodstackUITests.m */,
				ACF03C7024BE5F1800BBA1D9 /* Info.plist */,
			);
			path = foodstackUITests;
			sourceTree = "<group>";
		};
		ACF03C7C24BE5F8400BBA1D9 /* Models */ = {
			isa = PBXGroup;
			children = (
				ACF03C8E24BE633F00BBA1D9 /* Entry.h */,
				ACF03C8F24BE633F00BBA1D9 /* Entry.m */,
				ACF03C9124BE636200BBA1D9 /* Recipe.h */,
				ACF03C9224BE636200BBA1D9 /* Recipe.m */,
			);
			path = Models;
			sourceTree = "<group>";
		};
		ACF03C7D24BE5F8A00BBA1D9 /* Views */ = {
			isa = PBXGroup;
			children = (
				ACF03C8224BE609C00BBA1D9 /* EntryCell.h */,
				ACF03C8324BE609C00BBA1D9 /* EntryCell.m */,
				ACF03C8B24BE620200BBA1D9 /* RecipeCell.h */,
				ACF03C8C24BE620200BBA1D9 /* RecipeCell.m */,
			);
			path = Views;
			sourceTree = "<group>";
		};
		ACF03C7E24BE5F9100BBA1D9 /* View Controllers */ = {
			isa = PBXGroup;
			children = (
				ACF03C7F24BE607D00BBA1D9 /* LoginViewController.h */,
				ACF03C8024BE607D00BBA1D9 /* LoginViewController.m */,
			);
			path = "View Controllers";
			sourceTree = "<group>";
		};
/* End PBXGroup section */

/* Begin PBXNativeTarget section */
		ACF03C4324BE5F1700BBA1D9 /* foodstack */ = {
			isa = PBXNativeTarget;
			buildConfigurationList = ACF03C7324BE5F1800BBA1D9 /* Build configuration list for PBXNativeTarget "foodstack" */;
			buildPhases = (
				B9E16EC65EB4E9A858A764AB /* [CP] Check Pods Manifest.lock */,
				ACF03C4024BE5F1700BBA1D9 /* Sources */,
				ACF03C4124BE5F1700BBA1D9 /* Frameworks */,
				ACF03C4224BE5F1700BBA1D9 /* Resources */,
				60D75C7AB4A5C5D7F8B82C7F /* [CP] Embed Pods Frameworks */,
			);
			buildRules = (
			);
			dependencies = (
			);
			name = foodstack;
			productName = foodstack;
			productReference = ACF03C4424BE5F1700BBA1D9 /* foodstack.app */;
			productType = "com.apple.product-type.application";
		};
		ACF03C5E24BE5F1800BBA1D9 /* foodstackTests */ = {
			isa = PBXNativeTarget;
			buildConfigurationList = ACF03C7624BE5F1800BBA1D9 /* Build configuration list for PBXNativeTarget "foodstackTests" */;
			buildPhases = (
				B27F67C178CB718BF59DC8FD /* [CP] Check Pods Manifest.lock */,
				ACF03C5B24BE5F1800BBA1D9 /* Sources */,
				ACF03C5C24BE5F1800BBA1D9 /* Frameworks */,
				ACF03C5D24BE5F1800BBA1D9 /* Resources */,
			);
			buildRules = (
			);
			dependencies = (
				ACF03C6124BE5F1800BBA1D9 /* PBXTargetDependency */,
			);
			name = foodstackTests;
			productName = foodstackTests;
			productReference = ACF03C5F24BE5F1800BBA1D9 /* foodstackTests.xctest */;
			productType = "com.apple.product-type.bundle.unit-test";
		};
		ACF03C6924BE5F1800BBA1D9 /* foodstackUITests */ = {
			isa = PBXNativeTarget;
			buildConfigurationList = ACF03C7924BE5F1800BBA1D9 /* Build configuration list for PBXNativeTarget "foodstackUITests" */;
			buildPhases = (
				78C38FD771CF8149129BFBDA /* [CP] Check Pods Manifest.lock */,
				ACF03C6624BE5F1800BBA1D9 /* Sources */,
				ACF03C6724BE5F1800BBA1D9 /* Frameworks */,
				ACF03C6824BE5F1800BBA1D9 /* Resources */,
				25B04736515DD7199F2713DF /* [CP] Embed Pods Frameworks */,
			);
			buildRules = (
			);
			dependencies = (
				ACF03C6C24BE5F1800BBA1D9 /* PBXTargetDependency */,
			);
			name = foodstackUITests;
			productName = foodstackUITests;
			productReference = ACF03C6A24BE5F1800BBA1D9 /* foodstackUITests.xctest */;
			productType = "com.apple.product-type.bundle.ui-testing";
		};
/* End PBXNativeTarget section */

/* Begin PBXProject section */
		ACF03C3C24BE5F1700BBA1D9 /* Project object */ = {
			isa = PBXProject;
			attributes = {
				LastUpgradeCheck = 1150;
				ORGANIZATIONNAME = "Angel Gutierrez";
				TargetAttributes = {
					ACF03C4324BE5F1700BBA1D9 = {
						CreatedOnToolsVersion = 11.5;
					};
					ACF03C5E24BE5F1800BBA1D9 = {
						CreatedOnToolsVersion = 11.5;
						TestTargetID = ACF03C4324BE5F1700BBA1D9;
					};
					ACF03C6924BE5F1800BBA1D9 = {
						CreatedOnToolsVersion = 11.5;
						TestTargetID = ACF03C4324BE5F1700BBA1D9;
					};
				};
			};
			buildConfigurationList = ACF03C3F24BE5F1700BBA1D9 /* Build configuration list for PBXProject "foodstack" */;
			compatibilityVersion = "Xcode 9.3";
			developmentRegion = en;
			hasScannedForEncodings = 0;
			knownRegions = (
				en,
				Base,
			);
			mainGroup = ACF03C3B24BE5F1700BBA1D9;
			productRefGroup = ACF03C4524BE5F1700BBA1D9 /* Products */;
			projectDirPath = "";
			projectRoot = "";
			targets = (
				ACF03C4324BE5F1700BBA1D9 /* foodstack */,
				ACF03C5E24BE5F1800BBA1D9 /* foodstackTests */,
				ACF03C6924BE5F1800BBA1D9 /* foodstackUITests */,
			);
		};
/* End PBXProject section */

/* Begin PBXResourcesBuildPhase section */
		ACF03C4224BE5F1700BBA1D9 /* Resources */ = {
			isa = PBXResourcesBuildPhase;
			buildActionMask = 2147483647;
			files = (
				ACF03C5724BE5F1800BBA1D9 /* LaunchScreen.storyboard in Resources */,
				ACF03C5424BE5F1800BBA1D9 /* Assets.xcassets in Resources */,
				ACF03C5224BE5F1700BBA1D9 /* Main.storyboard in Resources */,
			);
			runOnlyForDeploymentPostprocessing = 0;
		};
		ACF03C5D24BE5F1800BBA1D9 /* Resources */ = {
			isa = PBXResourcesBuildPhase;
			buildActionMask = 2147483647;
			files = (
			);
			runOnlyForDeploymentPostprocessing = 0;
		};
		ACF03C6824BE5F1800BBA1D9 /* Resources */ = {
			isa = PBXResourcesBuildPhase;
			buildActionMask = 2147483647;
			files = (
			);
			runOnlyForDeploymentPostprocessing = 0;
		};
/* End PBXResourcesBuildPhase section */

/* Begin PBXShellScriptBuildPhase section */
		25B04736515DD7199F2713DF /* [CP] Embed Pods Frameworks */ = {
			isa = PBXShellScriptBuildPhase;
			buildActionMask = 2147483647;
			files = (
			);
			inputFileListPaths = (
				"${PODS_ROOT}/Target Support Files/Pods-foodstack-foodstackUITests/Pods-foodstack-foodstackUITests-frameworks-${CONFIGURATION}-input-files.xcfilelist",
			);
			name = "[CP] Embed Pods Frameworks";
			outputFileListPaths = (
				"${PODS_ROOT}/Target Support Files/Pods-foodstack-foodstackUITests/Pods-foodstack-foodstackUITests-frameworks-${CONFIGURATION}-output-files.xcfilelist",
			);
			runOnlyForDeploymentPostprocessing = 0;
			shellPath = /bin/sh;
			shellScript = "\"${PODS_ROOT}/Target Support Files/Pods-foodstack-foodstackUITests/Pods-foodstack-foodstackUITests-frameworks.sh\"\n";
			showEnvVarsInLog = 0;
		};
		60D75C7AB4A5C5D7F8B82C7F /* [CP] Embed Pods Frameworks */ = {
			isa = PBXShellScriptBuildPhase;
			buildActionMask = 2147483647;
			files = (
			);
			inputFileListPaths = (
				"${PODS_ROOT}/Target Support Files/Pods-foodstack/Pods-foodstack-frameworks-${CONFIGURATION}-input-files.xcfilelist",
			);
			name = "[CP] Embed Pods Frameworks";
			outputFileListPaths = (
				"${PODS_ROOT}/Target Support Files/Pods-foodstack/Pods-foodstack-frameworks-${CONFIGURATION}-output-files.xcfilelist",
			);
			runOnlyForDeploymentPostprocessing = 0;
			shellPath = /bin/sh;
			shellScript = "\"${PODS_ROOT}/Target Support Files/Pods-foodstack/Pods-foodstack-frameworks.sh\"\n";
			showEnvVarsInLog = 0;
		};
		78C38FD771CF8149129BFBDA /* [CP] Check Pods Manifest.lock */ = {
			isa = PBXShellScriptBuildPhase;
			buildActionMask = 2147483647;
			files = (
			);
			inputFileListPaths = (
			);
			inputPaths = (
				"${PODS_PODFILE_DIR_PATH}/Podfile.lock",
				"${PODS_ROOT}/Manifest.lock",
			);
			name = "[CP] Check Pods Manifest.lock";
			outputFileListPaths = (
			);
			outputPaths = (
				"$(DERIVED_FILE_DIR)/Pods-foodstack-foodstackUITests-checkManifestLockResult.txt",
			);
			runOnlyForDeploymentPostprocessing = 0;
			shellPath = /bin/sh;
			shellScript = "diff \"${PODS_PODFILE_DIR_PATH}/Podfile.lock\" \"${PODS_ROOT}/Manifest.lock\" > /dev/null\nif [ $? != 0 ] ; then\n    # print error to STDERR\n    echo \"error: The sandbox is not in sync with the Podfile.lock. Run 'pod install' or update your CocoaPods installation.\" >&2\n    exit 1\nfi\n# This output is used by Xcode 'outputs' to avoid re-running this script phase.\necho \"SUCCESS\" > \"${SCRIPT_OUTPUT_FILE_0}\"\n";
			showEnvVarsInLog = 0;
		};
		B27F67C178CB718BF59DC8FD /* [CP] Check Pods Manifest.lock */ = {
			isa = PBXShellScriptBuildPhase;
			buildActionMask = 2147483647;
			files = (
			);
			inputFileListPaths = (
			);
			inputPaths = (
				"${PODS_PODFILE_DIR_PATH}/Podfile.lock",
				"${PODS_ROOT}/Manifest.lock",
			);
			name = "[CP] Check Pods Manifest.lock";
			outputFileListPaths = (
			);
			outputPaths = (
				"$(DERIVED_FILE_DIR)/Pods-foodstackTests-checkManifestLockResult.txt",
			);
			runOnlyForDeploymentPostprocessing = 0;
			shellPath = /bin/sh;
			shellScript = "diff \"${PODS_PODFILE_DIR_PATH}/Podfile.lock\" \"${PODS_ROOT}/Manifest.lock\" > /dev/null\nif [ $? != 0 ] ; then\n    # print error to STDERR\n    echo \"error: The sandbox is not in sync with the Podfile.lock. Run 'pod install' or update your CocoaPods installation.\" >&2\n    exit 1\nfi\n# This output is used by Xcode 'outputs' to avoid re-running this script phase.\necho \"SUCCESS\" > \"${SCRIPT_OUTPUT_FILE_0}\"\n";
			showEnvVarsInLog = 0;
		};
		B9E16EC65EB4E9A858A764AB /* [CP] Check Pods Manifest.lock */ = {
			isa = PBXShellScriptBuildPhase;
			buildActionMask = 2147483647;
			files = (
			);
			inputFileListPaths = (
			);
			inputPaths = (
				"${PODS_PODFILE_DIR_PATH}/Podfile.lock",
				"${PODS_ROOT}/Manifest.lock",
			);
			name = "[CP] Check Pods Manifest.lock";
			outputFileListPaths = (
			);
			outputPaths = (
				"$(DERIVED_FILE_DIR)/Pods-foodstack-checkManifestLockResult.txt",
			);
			runOnlyForDeploymentPostprocessing = 0;
			shellPath = /bin/sh;
			shellScript = "diff \"${PODS_PODFILE_DIR_PATH}/Podfile.lock\" \"${PODS_ROOT}/Manifest.lock\" > /dev/null\nif [ $? != 0 ] ; then\n    # print error to STDERR\n    echo \"error: The sandbox is not in sync with the Podfile.lock. Run 'pod install' or update your CocoaPods installation.\" >&2\n    exit 1\nfi\n# This output is used by Xcode 'outputs' to avoid re-running this script phase.\necho \"SUCCESS\" > \"${SCRIPT_OUTPUT_FILE_0}\"\n";
			showEnvVarsInLog = 0;
		};
/* End PBXShellScriptBuildPhase section */

/* Begin PBXSourcesBuildPhase section */
		ACF03C4024BE5F1700BBA1D9 /* Sources */ = {
			isa = PBXSourcesBuildPhase;
			buildActionMask = 2147483647;
			files = (
				ACF03C8D24BE620200BBA1D9 /* RecipeCell.m in Sources */,
				ACF03C9324BE636200BBA1D9 /* Recipe.m in Sources */,
				ACF03C8424BE609C00BBA1D9 /* EntryCell.m in Sources */,
				ACF03C4F24BE5F1700BBA1D9 /* ViewController.m in Sources */,
				ACF03C4924BE5F1700BBA1D9 /* AppDelegate.m in Sources */,
				ACF03C9024BE633F00BBA1D9 /* Entry.m in Sources */,
				ACF03C5A24BE5F1800BBA1D9 /* main.m in Sources */,
				ACF03C4C24BE5F1700BBA1D9 /* SceneDelegate.m in Sources */,
				ACF03C8124BE607D00BBA1D9 /* LoginViewController.m in Sources */,
			);
			runOnlyForDeploymentPostprocessing = 0;
		};
		ACF03C5B24BE5F1800BBA1D9 /* Sources */ = {
			isa = PBXSourcesBuildPhase;
			buildActionMask = 2147483647;
			files = (
				ACF03C6424BE5F1800BBA1D9 /* foodstackTests.m in Sources */,
			);
			runOnlyForDeploymentPostprocessing = 0;
		};
		ACF03C6624BE5F1800BBA1D9 /* Sources */ = {
			isa = PBXSourcesBuildPhase;
			buildActionMask = 2147483647;
			files = (
				ACF03C6F24BE5F1800BBA1D9 /* foodstackUITests.m in Sources */,
			);
			runOnlyForDeploymentPostprocessing = 0;
		};
/* End PBXSourcesBuildPhase section */

/* Begin PBXTargetDependency section */
		ACF03C6124BE5F1800BBA1D9 /* PBXTargetDependency */ = {
			isa = PBXTargetDependency;
			target = ACF03C4324BE5F1700BBA1D9 /* foodstack */;
			targetProxy = ACF03C6024BE5F1800BBA1D9 /* PBXContainerItemProxy */;
		};
		ACF03C6C24BE5F1800BBA1D9 /* PBXTargetDependency */ = {
			isa = PBXTargetDependency;
			target = ACF03C4324BE5F1700BBA1D9 /* foodstack */;
			targetProxy = ACF03C6B24BE5F1800BBA1D9 /* PBXContainerItemProxy */;
		};
/* End PBXTargetDependency section */

/* Begin PBXVariantGroup section */
		ACF03C5024BE5F1700BBA1D9 /* Main.storyboard */ = {
			isa = PBXVariantGroup;
			children = (
				ACF03C5124BE5F1700BBA1D9 /* Base */,
			);
			name = Main.storyboard;
			sourceTree = "<group>";
		};
		ACF03C5524BE5F1800BBA1D9 /* LaunchScreen.storyboard */ = {
			isa = PBXVariantGroup;
			children = (
				ACF03C5624BE5F1800BBA1D9 /* Base */,
			);
			name = LaunchScreen.storyboard;
			sourceTree = "<group>";
		};
/* End PBXVariantGroup section */

/* Begin XCBuildConfiguration section */
		ACF03C7124BE5F1800BBA1D9 /* Debug */ = {
			isa = XCBuildConfiguration;
			buildSettings = {
				ALWAYS_SEARCH_USER_PATHS = NO;
				CLANG_ANALYZER_NONNULL = YES;
				CLANG_ANALYZER_NUMBER_OBJECT_CONVERSION = YES_AGGRESSIVE;
				CLANG_CXX_LANGUAGE_STANDARD = "gnu++14";
				CLANG_CXX_LIBRARY = "libc++";
				CLANG_ENABLE_MODULES = YES;
				CLANG_ENABLE_OBJC_ARC = YES;
				CLANG_ENABLE_OBJC_WEAK = YES;
				CLANG_WARN_BLOCK_CAPTURE_AUTORELEASING = YES;
				CLANG_WARN_BOOL_CONVERSION = YES;
				CLANG_WARN_COMMA = YES;
				CLANG_WARN_CONSTANT_CONVERSION = YES;
				CLANG_WARN_DEPRECATED_OBJC_IMPLEMENTATIONS = YES;
				CLANG_WARN_DIRECT_OBJC_ISA_USAGE = YES_ERROR;
				CLANG_WARN_DOCUMENTATION_COMMENTS = YES;
				CLANG_WARN_EMPTY_BODY = YES;
				CLANG_WARN_ENUM_CONVERSION = YES;
				CLANG_WARN_INFINITE_RECURSION = YES;
				CLANG_WARN_INT_CONVERSION = YES;
				CLANG_WARN_NON_LITERAL_NULL_CONVERSION = YES;
				CLANG_WARN_OBJC_IMPLICIT_RETAIN_SELF = YES;
				CLANG_WARN_OBJC_LITERAL_CONVERSION = YES;
				CLANG_WARN_OBJC_ROOT_CLASS = YES_ERROR;
				CLANG_WARN_RANGE_LOOP_ANALYSIS = YES;
				CLANG_WARN_STRICT_PROTOTYPES = YES;
				CLANG_WARN_SUSPICIOUS_MOVE = YES;
				CLANG_WARN_UNGUARDED_AVAILABILITY = YES_AGGRESSIVE;
				CLANG_WARN_UNREACHABLE_CODE = YES;
				CLANG_WARN__DUPLICATE_METHOD_MATCH = YES;
				COPY_PHASE_STRIP = NO;
				DEBUG_INFORMATION_FORMAT = dwarf;
				ENABLE_STRICT_OBJC_MSGSEND = YES;
				ENABLE_TESTABILITY = YES;
				GCC_C_LANGUAGE_STANDARD = gnu11;
				GCC_DYNAMIC_NO_PIC = NO;
				GCC_NO_COMMON_BLOCKS = YES;
				GCC_OPTIMIZATION_LEVEL = 0;
				GCC_PREPROCESSOR_DEFINITIONS = (
					"DEBUG=1",
					"$(inherited)",
				);
				GCC_WARN_64_TO_32_BIT_CONVERSION = YES;
				GCC_WARN_ABOUT_RETURN_TYPE = YES_ERROR;
				GCC_WARN_UNDECLARED_SELECTOR = YES;
				GCC_WARN_UNINITIALIZED_AUTOS = YES_AGGRESSIVE;
				GCC_WARN_UNUSED_FUNCTION = YES;
				GCC_WARN_UNUSED_VARIABLE = YES;
				IPHONEOS_DEPLOYMENT_TARGET = 13.5;
				MTL_ENABLE_DEBUG_INFO = INCLUDE_SOURCE;
				MTL_FAST_MATH = YES;
				ONLY_ACTIVE_ARCH = YES;
				SDKROOT = iphoneos;
			};
			name = Debug;
		};
		ACF03C7224BE5F1800BBA1D9 /* Release */ = {
			isa = XCBuildConfiguration;
			buildSettings = {
				ALWAYS_SEARCH_USER_PATHS = NO;
				CLANG_ANALYZER_NONNULL = YES;
				CLANG_ANALYZER_NUMBER_OBJECT_CONVERSION = YES_AGGRESSIVE;
				CLANG_CXX_LANGUAGE_STANDARD = "gnu++14";
				CLANG_CXX_LIBRARY = "libc++";
				CLANG_ENABLE_MODULES = YES;
				CLANG_ENABLE_OBJC_ARC = YES;
				CLANG_ENABLE_OBJC_WEAK = YES;
				CLANG_WARN_BLOCK_CAPTURE_AUTORELEASING = YES;
				CLANG_WARN_BOOL_CONVERSION = YES;
				CLANG_WARN_COMMA = YES;
				CLANG_WARN_CONSTANT_CONVERSION = YES;
				CLANG_WARN_DEPRECATED_OBJC_IMPLEMENTATIONS = YES;
				CLANG_WARN_DIRECT_OBJC_ISA_USAGE = YES_ERROR;
				CLANG_WARN_DOCUMENTATION_COMMENTS = YES;
				CLANG_WARN_EMPTY_BODY = YES;
				CLANG_WARN_ENUM_CONVERSION = YES;
				CLANG_WARN_INFINITE_RECURSION = YES;
				CLANG_WARN_INT_CONVERSION = YES;
				CLANG_WARN_NON_LITERAL_NULL_CONVERSION = YES;
				CLANG_WARN_OBJC_IMPLICIT_RETAIN_SELF = YES;
				CLANG_WARN_OBJC_LITERAL_CONVERSION = YES;
				CLANG_WARN_OBJC_ROOT_CLASS = YES_ERROR;
				CLANG_WARN_RANGE_LOOP_ANALYSIS = YES;
				CLANG_WARN_STRICT_PROTOTYPES = YES;
				CLANG_WARN_SUSPICIOUS_MOVE = YES;
				CLANG_WARN_UNGUARDED_AVAILABILITY = YES_AGGRESSIVE;
				CLANG_WARN_UNREACHABLE_CODE = YES;
				CLANG_WARN__DUPLICATE_METHOD_MATCH = YES;
				COPY_PHASE_STRIP = NO;
				DEBUG_INFORMATION_FORMAT = "dwarf-with-dsym";
				ENABLE_NS_ASSERTIONS = NO;
				ENABLE_STRICT_OBJC_MSGSEND = YES;
				GCC_C_LANGUAGE_STANDARD = gnu11;
				GCC_NO_COMMON_BLOCKS = YES;
				GCC_WARN_64_TO_32_BIT_CONVERSION = YES;
				GCC_WARN_ABOUT_RETURN_TYPE = YES_ERROR;
				GCC_WARN_UNDECLARED_SELECTOR = YES;
				GCC_WARN_UNINITIALIZED_AUTOS = YES_AGGRESSIVE;
				GCC_WARN_UNUSED_FUNCTION = YES;
				GCC_WARN_UNUSED_VARIABLE = YES;
				IPHONEOS_DEPLOYMENT_TARGET = 13.5;
				MTL_ENABLE_DEBUG_INFO = NO;
				MTL_FAST_MATH = YES;
				SDKROOT = iphoneos;
				VALIDATE_PRODUCT = YES;
			};
			name = Release;
		};
		ACF03C7424BE5F1800BBA1D9 /* Debug */ = {
			isa = XCBuildConfiguration;
			baseConfigurationReference = 126187269ABA2AE49D82A0B7 /* Pods-foodstack.debug.xcconfig */;
			buildSettings = {
				ASSETCATALOG_COMPILER_APPICON_NAME = AppIcon;
				CODE_SIGN_STYLE = Automatic;
				DEVELOPMENT_TEAM = U642798555;
				INFOPLIST_FILE = foodstack/Info.plist;
				LD_RUNPATH_SEARCH_PATHS = (
					"$(inherited)",
					"@executable_path/Frameworks",
				);
				PRODUCT_BUNDLE_IDENTIFIER = com.angelgutierrez.foodstack;
				PRODUCT_NAME = "$(TARGET_NAME)";
				TARGETED_DEVICE_FAMILY = "1,2";
			};
			name = Debug;
		};
		ACF03C7524BE5F1800BBA1D9 /* Release */ = {
			isa = XCBuildConfiguration;
			baseConfigurationReference = 5903AC8CF467308AF707C74C /* Pods-foodstack.release.xcconfig */;
			buildSettings = {
				ASSETCATALOG_COMPILER_APPICON_NAME = AppIcon;
				CODE_SIGN_STYLE = Automatic;
				DEVELOPMENT_TEAM = U642798555;
				INFOPLIST_FILE = foodstack/Info.plist;
				LD_RUNPATH_SEARCH_PATHS = (
					"$(inherited)",
					"@executable_path/Frameworks",
				);
				PRODUCT_BUNDLE_IDENTIFIER = com.angelgutierrez.foodstack;
				PRODUCT_NAME = "$(TARGET_NAME)";
				TARGETED_DEVICE_FAMILY = "1,2";
			};
			name = Release;
		};
		ACF03C7724BE5F1800BBA1D9 /* Debug */ = {
			isa = XCBuildConfiguration;
			baseConfigurationReference = 1490B2A1BA3588216E56D4D8 /* Pods-foodstackTests.debug.xcconfig */;
			buildSettings = {
				BUNDLE_LOADER = "$(TEST_HOST)";
				CODE_SIGN_STYLE = Automatic;
				DEVELOPMENT_TEAM = U642798555;
				INFOPLIST_FILE = foodstackTests/Info.plist;
				IPHONEOS_DEPLOYMENT_TARGET = 13.5;
				LD_RUNPATH_SEARCH_PATHS = (
					"$(inherited)",
					"@executable_path/Frameworks",
					"@loader_path/Frameworks",
				);
				PRODUCT_BUNDLE_IDENTIFIER = com.angelgutierrez.foodstackTests;
				PRODUCT_NAME = "$(TARGET_NAME)";
				TARGETED_DEVICE_FAMILY = "1,2";
				TEST_HOST = "$(BUILT_PRODUCTS_DIR)/foodstack.app/foodstack";
			};
			name = Debug;
		};
		ACF03C7824BE5F1800BBA1D9 /* Release */ = {
			isa = XCBuildConfiguration;
			baseConfigurationReference = 10108AC4A3A211E18935BEBA /* Pods-foodstackTests.release.xcconfig */;
			buildSettings = {
				BUNDLE_LOADER = "$(TEST_HOST)";
				CODE_SIGN_STYLE = Automatic;
				DEVELOPMENT_TEAM = U642798555;
				INFOPLIST_FILE = foodstackTests/Info.plist;
				IPHONEOS_DEPLOYMENT_TARGET = 13.5;
				LD_RUNPATH_SEARCH_PATHS = (
					"$(inherited)",
					"@executable_path/Frameworks",
					"@loader_path/Frameworks",
				);
				PRODUCT_BUNDLE_IDENTIFIER = com.angelgutierrez.foodstackTests;
				PRODUCT_NAME = "$(TARGET_NAME)";
				TARGETED_DEVICE_FAMILY = "1,2";
				TEST_HOST = "$(BUILT_PRODUCTS_DIR)/foodstack.app/foodstack";
			};
			name = Release;
		};
		ACF03C7A24BE5F1800BBA1D9 /* Debug */ = {
			isa = XCBuildConfiguration;
			baseConfigurationReference = FF4D3DE7A9631834C66E2F78 /* Pods-foodstack-foodstackUITests.debug.xcconfig */;
			buildSettings = {
				CODE_SIGN_STYLE = Automatic;
				DEVELOPMENT_TEAM = U642798555;
				INFOPLIST_FILE = foodstackUITests/Info.plist;
				LD_RUNPATH_SEARCH_PATHS = (
					"$(inherited)",
					"@executable_path/Frameworks",
					"@loader_path/Frameworks",
				);
				PRODUCT_BUNDLE_IDENTIFIER = com.angelgutierrez.foodstackUITests;
				PRODUCT_NAME = "$(TARGET_NAME)";
				TARGETED_DEVICE_FAMILY = "1,2";
				TEST_TARGET_NAME = foodstack;
			};
			name = Debug;
		};
		ACF03C7B24BE5F1800BBA1D9 /* Release */ = {
			isa = XCBuildConfiguration;
			baseConfigurationReference = 29F58875D43CD8903965AD09 /* Pods-foodstack-foodstackUITests.release.xcconfig */;
			buildSettings = {
				CODE_SIGN_STYLE = Automatic;
				DEVELOPMENT_TEAM = U642798555;
				INFOPLIST_FILE = foodstackUITests/Info.plist;
				LD_RUNPATH_SEARCH_PATHS = (
					"$(inherited)",
					"@executable_path/Frameworks",
					"@loader_path/Frameworks",
				);
				PRODUCT_BUNDLE_IDENTIFIER = com.angelgutierrez.foodstackUITests;
				PRODUCT_NAME = "$(TARGET_NAME)";
				TARGETED_DEVICE_FAMILY = "1,2";
				TEST_TARGET_NAME = foodstack;
			};
			name = Release;
		};
/* End XCBuildConfiguration section */

/* Begin XCConfigurationList section */
		ACF03C3F24BE5F1700BBA1D9 /* Build configuration list for PBXProject "foodstack" */ = {
			isa = XCConfigurationList;
			buildConfigurations = (
				ACF03C7124BE5F1800BBA1D9 /* Debug */,
				ACF03C7224BE5F1800BBA1D9 /* Release */,
			);
			defaultConfigurationIsVisible = 0;
			defaultConfigurationName = Release;
		};
		ACF03C7324BE5F1800BBA1D9 /* Build configuration list for PBXNativeTarget "foodstack" */ = {
			isa = XCConfigurationList;
			buildConfigurations = (
				ACF03C7424BE5F1800BBA1D9 /* Debug */,
				ACF03C7524BE5F1800BBA1D9 /* Release */,
			);
			defaultConfigurationIsVisible = 0;
			defaultConfigurationName = Release;
		};
		ACF03C7624BE5F1800BBA1D9 /* Build configuration list for PBXNativeTarget "foodstackTests" */ = {
			isa = XCConfigurationList;
			buildConfigurations = (
				ACF03C7724BE5F1800BBA1D9 /* Debug */,
				ACF03C7824BE5F1800BBA1D9 /* Release */,
			);
			defaultConfigurationIsVisible = 0;
			defaultConfigurationName = Release;
		};
		ACF03C7924BE5F1800BBA1D9 /* Build configuration list for PBXNativeTarget "foodstackUITests" */ = {
			isa = XCConfigurationList;
			buildConfigurations = (
				ACF03C7A24BE5F1800BBA1D9 /* Debug */,
				ACF03C7B24BE5F1800BBA1D9 /* Release */,
			);
			defaultConfigurationIsVisible = 0;
			defaultConfigurationName = Release;
		};
/* End XCConfigurationList section */
	};
	rootObject = ACF03C3C24BE5F1700BBA1D9 /* Project object */;
}
